
Microsoft Visual Studio Solution File, Format Version 12.00
# Visual Studio 2013
VisualStudioVersion = 12.0.30723.0
MinimumVisualStudioVersion = 10.0.40219.1
Project("{FAE04EC0-301F-11D3-BF4B-00C04F79EFBC}") = "SampleBlog", "SampleBlog\SampleBlog.csproj", "{C04ECED4-661D-4AE3-BDE8-616F73AFAD24}"
EndProject
Project("{FAE04EC0-301F-11D3-BF4B-00C04F79EFBC}") = "SampleBlog.Tests", "SampleBlog.Tests\SampleBlog.Tests.csproj", "{5DD61115-30A9-45F4-899F-C2005868C6BD}"
EndProject
Global
	GlobalSection(SolutionConfigurationPlatforms) = preSolution
		Debug|Any CPU = Debug|Any CPU
		Release|Any CPU = Release|Any CPU
	EndGlobalSection
	GlobalSection(ProjectConfigurationPlatforms) = postSolution
		{C04ECED4-661D-4AE3-BDE8-616F73AFAD24}.Debug|Any CPU.ActiveCfg = Debug|Any CPU
		{C04ECED4-661D-4AE3-BDE8-616F73AFAD24}.Debug|Any CPU.Build.0 = Debug|Any CPU
		{C04ECED4-661D-4AE3-BDE8-616F73AFAD24}.Release|Any CPU.ActiveCfg = Release|Any CPU
		{C04ECED4-661D-4AE3-BDE8-616F73AFAD24}.Release|Any CPU.Build.0 = Release|Any CPU
		{5DD61115-30A9-45F4-899F-C2005868C6BD}.Debug|Any CPU.ActiveCfg = Debug|Any CPU
		{5DD61115-30A9-45F4-899F-C2005868C6BD}.Debug|Any CPU.Build.0 = Debug|Any CPU
		{5DD61115-30A9-45F4-899F-C2005868C6BD}.Release|Any CPU.ActiveCfg = Release|Any CPU
		{5DD61115-30A9-45F4-899F-C2005868C6BD}.Release|Any CPU.Build.0 = Release|Any CPU
	EndGlobalSection
	GlobalSection(SolutionProperties) = preSolution
		HideSolutionNode = FALSE
	EndGlobalSection
EndGlobal
